Microsoft Visual Studio Solution File, Format Version 11.00
# Visual Studio 2008

Project("{022FA0C6-71BB-CD7A-8439-242EBE590226}") = "LabrynthGame", "Assembly-CSharp.csproj", "{5664C721-D8AF-7CC9-DC7C-7E204741519C}"
EndProject
Global
	GlobalSection(SolutionConfigurationPlatforms) = preSolution
		Debug|Any CPU = Debug|Any CPU
		Release|Any CPU = Release|Any CPU
	EndGlobalSection
	GlobalSection(ProjectConfigurationPlatforms) = postSolution
		{5664C721-D8AF-7CC9-DC7C-7E204741519C}.Debug|Any CPU.ActiveCfg = Debug|Any CPU
		{5664C721-D8AF-7CC9-DC7C-7E204741519C}.Debug|Any CPU.Build.0 = Debug|Any CPU
		{5664C721-D8AF-7CC9-DC7C-7E204741519C}.Release|Any CPU.ActiveCfg = Release|Any CPU
		{5664C721-D8AF-7CC9-DC7C-7E204741519C}.Release|Any CPU.Build.0 = Release|Any CPU
	EndGlobalSection
	GlobalSection(SolutionProperties) = preSolution
		HideSolutionNode = FALSE
	EndGlobalSection
	GlobalSection(MonoDevelopProperties) = preSolution
		StartupItem = Assembly-CSharp.csproj
	EndGlobalSection
EndGlobal
